
Microsoft Visual Studio Solution File, Format Version 12.00
# Visual Studio 15
VisualStudioVersion = 15.0.28307.168
MinimumVisualStudioVersion = 10.0.40219.1
Project("{FAE04EC0-301F-11D3-BF4B-00C04F79EFBC}") = "App1.Android", "App1\App1.Android\App1.Android.csproj", "{A05027DE-F517-4B4B-814A-4E41515E8471}"
EndProject
Project("{9A19103F-16F7-4668-BE54-9A1E7A4F7556}") = "App1", "App1\App1\App1.csproj", "{659DDA97-5EF6-4331-9733-D828116855CF}"
EndProject
Project("{FAE04EC0-301F-11D3-BF4B-00C04F79EFBC}") = "App2.Android", "App2\App2.Android\App2.Android.csproj", "{24CE3C36-16B9-426D-AA0C-5961ECF8D88C}"
EndProject
Project("{FAE04EC0-301F-11D3-BF4B-00C04F79EFBC}") = "App2", "App2\App2\App2.csproj", "{D76C0D01-B74C-4BB7-AEA2-90A0C52D0E8F}"
EndProject
Global
	GlobalSection(SolutionConfigurationPlatforms) = preSolution
		Ad-Hoc|Any CPU = Ad-Hoc|Any CPU
		Ad-Hoc|ARM = Ad-Hoc|ARM
		Ad-Hoc|iPhone = Ad-Hoc|iPhone
		Ad-Hoc|iPhoneSimulator = Ad-Hoc|iPhoneSimulator
		Ad-Hoc|x64 = Ad-Hoc|x64
		Ad-Hoc|x86 = Ad-Hoc|x86
		AppStore|Any CPU = AppStore|Any CPU
		AppStore|ARM = AppStore|ARM
		AppStore|iPhone = AppStore|iPhone
		AppStore|iPhoneSimulator = AppStore|iPhoneSimulator
		AppStore|x64 = AppStore|x64
		AppStore|x86 = AppStore|x86
		Debug|Any CPU = Debug|Any CPU
		Debug|ARM = Debug|ARM
		Debug|iPhone = Debug|iPhone
		Debug|iPhoneSimulator = Debug|iPhoneSimulator
		Debug|x64 = Debug|x64
		Debug|x86 = Debug|x86
		Release|Any CPU = Release|Any CPU
		Release|ARM = Release|ARM
		Release|iPhone = Release|iPhone
		Release|iPhoneSimulator = Release|iPhoneSimulator
		Release|x64 = Release|x64
		Release|x86 = Release|x86
	EndGlobalSection
	GlobalSection(ProjectConfigurationPlatforms) = postSolution
		{A05027DE-F517-4B4B-814A-4E41515E8471}.Ad-Hoc|Any CPU.ActiveCfg = Release|Any CPU
		{A05027DE-F517-4B4B-814A-4E41515E8471}.Ad-Hoc|Any CPU.Build.0 = Release|Any CPU
		{A05027DE-F517-4B4B-814A-4E41515E8471}.Ad-Hoc|Any CPU.Deploy.0 = Release|Any CPU
		{A05027DE-F517-4B4B-814A-4E41515E8471}.Ad-Hoc|ARM.ActiveCfg = Release|Any CPU
		{A05027DE-F517-4B4B-814A-4E41515E8471}.Ad-Hoc|ARM.Build.0 = Release|Any CPU
		{A05027DE-F517-4B4B-814A-4E41515E8471}.Ad-Hoc|ARM.Deploy.0 = Release|Any CPU
		{A05027DE-F517-4B4B-814A-4E41515E8471}.Ad-Hoc|iPhone.ActiveCfg = Release|Any CPU
		{A05027DE-F517-4B4B-814A-4E41515E8471}.Ad-Hoc|iPhone.Build.0 = Release|Any CPU
		{A05027DE-F517-4B4B-814A-4E41515E8471}.Ad-Hoc|iPhone.Deploy.0 = Release|Any CPU
		{A05027DE-F517-4B4B-814A-4E41515E8471}.Ad-Hoc|iPhoneSimulator.ActiveCfg = Release|Any CPU
		{A05027DE-F517-4B4B-814A-4E41515E8471}.Ad-Hoc|iPhoneSimulator.Build.0 = Release|Any CPU
		{A05027DE-F517-4B4B-814A-4E41515E8471}.Ad-Hoc|iPhoneSimulator.Deploy.0 = Release|Any CPU
		{A05027DE-F517-4B4B-814A-4E41515E8471}.Ad-Hoc|x64.ActiveCfg = Release|Any CPU
		{A05027DE-F517-4B4B-814A-4E41515E8471}.Ad-Hoc|x64.Build.0 = Release|Any CPU
		{A05027DE-F517-4B4B-814A-4E41515E8471}.Ad-Hoc|x64.Deploy.0 = Release|Any CPU
		{A05027DE-F517-4B4B-814A-4E41515E8471}.Ad-Hoc|x86.ActiveCfg = Release|Any CPU
		{A05027DE-F517-4B4B-814A-4E41515E8471}.Ad-Hoc|x86.Build.0 = Release|Any CPU
		{A05027DE-F517-4B4B-814A-4E41515E8471}.Ad-Hoc|x86.Deploy.0 = Release|Any CPU
		{A05027DE-F517-4B4B-814A-4E41515E8471}.AppStore|Any CPU.ActiveCfg = Release|Any CPU
		{A05027DE-F517-4B4B-814A-4E41515E8471}.AppStore|Any CPU.Build.0 = Release|Any CPU
		{A05027DE-F517-4B4B-814A-4E41515E8471}.AppStore|Any CPU.Deploy.0 = Release|Any CPU
		{A05027DE-F517-4B4B-814A-4E41515E8471}.AppStore|ARM.ActiveCfg = Release|Any CPU
		{A05027DE-F517-4B4B-814A-4E41515E8471}.AppStore|ARM.Build.0 = Release|Any CPU
		{A05027DE-F517-4B4B-814A-4E41515E8471}.AppStore|ARM.Deploy.0 = Release|Any CPU
		{A05027DE-F517-4B4B-814A-4E41515E8471}.AppStore|iPhone.ActiveCfg = Release|Any CPU
		{A05027DE-F517-4B4B-814A-4E41515E8471}.AppStore|iPhone.Build.0 = Release|Any CPU
		{A05027DE-F517-4B4B-814A-4E41515E8471}.AppStore|iPhone.Deploy.0 = Release|Any CPU
		{A05027DE-F517-4B4B-814A-4E41515E8471}.AppStore|iPhoneSimulator.ActiveCfg = Release|Any CPU
		{A05027DE-F517-4B4B-814A-4E41515E8471}.AppStore|iPhoneSimulator.Build.0 = Release|Any CPU
		{A05027DE-F517-4B4B-814A-4E41515E8471}.AppStore|iPhoneSimulator.Deploy.0 = Release|Any CPU
		{A05027DE-F517-4B4B-814A-4E41515E8471}.AppStore|x64.ActiveCfg = Release|Any CPU
		{A05027DE-F517-4B4B-814A-4E41515E8471}.AppStore|x64.Build.0 = Release|Any CPU
		{A05027DE-F517-4B4B-814A-4E41515E8471}.AppStore|x64.Deploy.0 = Release|Any CPU
		{A05027DE-F517-4B4B-814A-4E41515E8471}.AppStore|x86.ActiveCfg = Release|Any CPU
		{A05027DE-F517-4B4B-814A-4E41515E8471}.AppStore|x86.Build.0 = Release|Any CPU
		{A05027DE-F517-4B4B-814A-4E41515E8471}.AppStore|x86.Deploy.0 = Release|Any CPU
		{A05027DE-F517-4B4B-814A-4E41515E8471}.Debug|Any CPU.ActiveCfg = Debug|Any CPU
		{A05027DE-F517-4B4B-814A-4E41515E8471}.Debug|Any CPU.Build.0 = Debug|Any CPU
		{A05027DE-F517-4B4B-814A-4E41515E8471}.Debug|Any CPU.Deploy.0 = Debug|Any CPU
		{A05027DE-F517-4B4B-814A-4E41515E8471}.Debug|ARM.ActiveCfg = Debug|Any CPU
		{A05027DE-F517-4B4B-814A-4E41515E8471}.Debug|ARM.Build.0 = Debug|Any CPU
		{A05027DE-F517-4B4B-814A-4E41515E8471}.Debug|ARM.Deploy.0 = Debug|Any CPU
		{A05027DE-F517-4B4B-814A-4E41515E8471}.Debug|iPhone.ActiveCfg = Debug|Any CPU
		{A05027DE-F517-4B4B-814A-4E41515E8471}.Debug|iPhone.Build.0 = Debug|Any CPU
		{A05027DE-F517-4B4B-814A-4E41515E8471}.Debug|iPhone.Deploy.0 = Debug|Any CPU
		{A05027DE-F517-4B4B-814A-4E41515E8471}.Debug|iPhoneSimulator.ActiveCfg = Debug|Any CPU
		{A05027DE-F517-4B4B-814A-4E41515E8471}.Debug|iPhoneSimulator.Build.0 = Debug|Any CPU
		{A05027DE-F517-4B4B-814A-4E41515E8471}.Debug|iPhoneSimulator.Deploy.0 = Debug|Any CPU
		{A05027DE-F517-4B4B-814A-4E41515E8471}.Debug|x64.ActiveCfg = Debug|Any CPU
		{A05027DE-F517-4B4B-814A-4E41515E8471}.Debug|x64.Build.0 = Debug|Any CPU
		{A05027DE-F517-4B4B-814A-4E41515E8471}.Debug|x64.Deploy.0 = Debug|Any CPU
		{A05027DE-F517-4B4B-814A-4E41515E8471}.Debug|x86.ActiveCfg = Debug|Any CPU
		{A05027DE-F517-4B4B-814A-4E41515E8471}.Debug|x86.Build.0 = Debug|Any CPU
		{A05027DE-F517-4B4B-814A-4E41515E8471}.Debug|x86.Deploy.0 = Debug|Any CPU
		{A05027DE-F517-4B4B-814A-4E41515E8471}.Release|Any CPU.ActiveCfg = Release|Any CPU
		{A05027DE-F517-4B4B-814A-4E41515E8471}.Release|Any CPU.Build.0 = Release|Any CPU
		{A05027DE-F517-4B4B-814A-4E41515E8471}.Release|Any CPU.Deploy.0 = Release|Any CPU
		{A05027DE-F517-4B4B-814A-4E41515E8471}.Release|ARM.ActiveCfg = Release|Any CPU
		{A05027DE-F517-4B4B-814A-4E41515E8471}.Release|ARM.Build.0 = Release|Any CPU
		{A05027DE-F517-4B4B-814A-4E41515E8471}.Release|ARM.Deploy.0 = Release|Any CPU
		{A05027DE-F517-4B4B-814A-4E41515E8471}.Release|iPhone.ActiveCfg = Release|Any CPU
		{A05027DE-F517-4B4B-814A-4E41515E8471}.Release|iPhone.Build.0 = Release|Any CPU
		{A05027DE-F517-4B4B-814A-4E41515E8471}.Release|iPhone.Deploy.0 = Release|Any CPU
		{A05027DE-F517-4B4B-814A-4E41515E8471}.Release|iPhoneSimulator.ActiveCfg = Release|Any CPU
		{A05027DE-F517-4B4B-814A-4E41515E8471}.Release|iPhoneSimulator.Build.0 = Release|Any CPU
		{A05027DE-F517-4B4B-814A-4E41515E8471}.Release|iPhoneSimulator.Deploy.0 = Release|Any CPU
		{A05027DE-F517-4B4B-814A-4E41515E8471}.Release|x64.ActiveCfg = Release|Any CPU
		{A05027DE-F517-4B4B-814A-4E41515E8471}.Release|x64.Build.0 = Release|Any CPU
		{A05027DE-F517-4B4B-814A-4E41515E8471}.Release|x64.Deploy.0 = Release|Any CPU
		{A05027DE-F517-4B4B-814A-4E41515E8471}.Release|x86.ActiveCfg = Release|Any CPU
		{A05027DE-F517-4B4B-814A-4E41515E8471}.Release|x86.Build.0 = Release|Any CPU
		{A05027DE-F517-4B4B-814A-4E41515E8471}.Release|x86.Deploy.0 = Release|Any CPU
		{659DDA97-5EF6-4331-9733-D828116855CF}.Ad-Hoc|Any CPU.ActiveCfg = Debug|Any CPU
		{659DDA97-5EF6-4331-9733-D828116855CF}.Ad-Hoc|Any CPU.Build.0 = Debug|Any CPU
		{659DDA97-5EF6-4331-9733-D828116855CF}.Ad-Hoc|ARM.ActiveCfg = Debug|Any CPU
		{659DDA97-5EF6-4331-9733-D828116855CF}.Ad-Hoc|ARM.Build.0 = Debug|Any CPU
		{659DDA97-5EF6-4331-9733-D828116855CF}.Ad-Hoc|iPhone.ActiveCfg = Debug|Any CPU
		{659DDA97-5EF6-4331-9733-D828116855CF}.Ad-Hoc|iPhone.Build.0 = Debug|Any CPU
		{659DDA97-5EF6-4331-9733-D828116855CF}.Ad-Hoc|iPhoneSimulator.ActiveCfg = Debug|Any CPU
		{659DDA97-5EF6-4331-9733-D828116855CF}.Ad-Hoc|iPhoneSimulator.Build.0 = Debug|Any CPU
		{659DDA97-5EF6-4331-9733-D828116855CF}.Ad-Hoc|x64.ActiveCfg = Debug|Any CPU
		{659DDA97-5EF6-4331-9733-D828116855CF}.Ad-Hoc|x64.Build.0 = Debug|Any CPU
		{659DDA97-5EF6-4331-9733-D828116855CF}.Ad-Hoc|x86.ActiveCfg = Debug|Any CPU
		{659DDA97-5EF6-4331-9733-D828116855CF}.Ad-Hoc|x86.Build.0 = Debug|Any CPU
		{659DDA97-5EF6-4331-9733-D828116855CF}.AppStore|Any CPU.ActiveCfg = Debug|Any CPU
		{659DDA97-5EF6-4331-9733-D828116855CF}.AppStore|Any CPU.Build.0 = Debug|Any CPU
		{659DDA97-5EF6-4331-9733-D828116855CF}.AppStore|ARM.ActiveCfg = Debug|Any CPU
		{659DDA97-5EF6-4331-9733-D828116855CF}.AppStore|ARM.Build.0 = Debug|Any CPU
		{659DDA97-5EF6-4331-9733-D828116855CF}.AppStore|iPhone.ActiveCfg = Debug|Any CPU
		{659DDA97-5EF6-4331-9733-D828116855CF}.AppStore|iPhone.Build.0 = Debug|Any CPU
		{659DDA97-5EF6-4331-9733-D828116855CF}.AppStore|iPhoneSimulator.ActiveCfg = Debug|Any CPU
		{659DDA97-5EF6-4331-9733-D828116855CF}.AppStore|iPhoneSimulator.Build.0 = Debug|Any CPU
		{659DDA97-5EF6-4331-9733-D828116855CF}.AppStore|x64.ActiveCfg = Debug|Any CPU
		{659DDA97-5EF6-4331-9733-D828116855CF}.AppStore|x64.Build.0 = Debug|Any CPU
		{659DDA97-5EF6-4331-9733-D828116855CF}.AppStore|x86.ActiveCfg = Debug|Any CPU
		{659DDA97-5EF6-4331-9733-D828116855CF}.AppStore|x86.Build.0 = Debug|Any CPU
		{659DDA97-5EF6-4331-9733-D828116855CF}.Debug|Any CPU.ActiveCfg = Debug|Any CPU
		{659DDA97-5EF6-4331-9733-D828116855CF}.Debug|Any CPU.Build.0 = Debug|Any CPU
		{659DDA97-5EF6-4331-9733-D828116855CF}.Debug|ARM.ActiveCfg = Debug|Any CPU
		{659DDA97-5EF6-4331-9733-D828116855CF}.Debug|ARM.Build.0 = Debug|Any CPU
		{659DDA97-5EF6-4331-9733-D828116855CF}.Debug|iPhone.ActiveCfg = Debug|Any CPU
		{659DDA97-5EF6-4331-9733-D828116855CF}.Debug|iPhone.Build.0 = Debug|Any CPU
		{659DDA97-5EF6-4331-9733-D828116855CF}.Debug|iPhoneSimulator.ActiveCfg = Debug|Any CPU
		{659DDA97-5EF6-4331-9733-D828116855CF}.Debug|iPhoneSimulator.Build.0 = Debug|Any CPU
		{659DDA97-5EF6-4331-9733-D828116855CF}.Debug|x64.ActiveCfg = Debug|Any CPU
		{659DDA97-5EF6-4331-9733-D828116855CF}.Debug|x64.Build.0 = Debug|Any CPU
		{659DDA97-5EF6-4331-9733-D828116855CF}.Debug|x86.ActiveCfg = Debug|Any CPU
		{659DDA97-5EF6-4331-9733-D828116855CF}.Debug|x86.Build.0 = Debug|Any CPU
		{659DDA97-5EF6-4331-9733-D828116855CF}.Release|Any CPU.ActiveCfg = Release|Any CPU
		{659DDA97-5EF6-4331-9733-D828116855CF}.Release|Any CPU.Build.0 = Release|Any CPU
		{659DDA97-5EF6-4331-9733-D828116855CF}.Release|ARM.ActiveCfg = Release|Any CPU
		{659DDA97-5EF6-4331-9733-D828116855CF}.Release|ARM.Build.0 = Release|Any CPU
		{659DDA97-5EF6-4331-9733-D828116855CF}.Release|iPhone.ActiveCfg = Release|Any CPU
		{659DDA97-5EF6-4331-9733-D828116855CF}.Release|iPhone.Build.0 = Release|Any CPU
		{659DDA97-5EF6-4331-9733-D828116855CF}.Release|iPhoneSimulator.ActiveCfg = Release|Any CPU
		{659DDA97-5EF6-4331-9733-D828116855CF}.Release|iPhoneSimulator.Build.0 = Release|Any CPU
		{659DDA97-5EF6-4331-9733-D828116855CF}.Release|x64.ActiveCfg = Release|Any CPU
		{659DDA97-5EF6-4331-9733-D828116855CF}.Release|x64.Build.0 = Release|Any CPU
		{659DDA97-5EF6-4331-9733-D828116855CF}.Release|x86.ActiveCfg = Release|Any CPU
		{659DDA97-5EF6-4331-9733-D828116855CF}.Release|x86.Build.0 = Release|Any CPU
		{24CE3C36-16B9-426D-AA0C-5961ECF8D88C}.Ad-Hoc|Any CPU.ActiveCfg = Release|Any CPU
		{24CE3C36-16B9-426D-AA0C-5961ECF8D88C}.Ad-Hoc|Any CPU.Build.0 = Release|Any CPU
		{24CE3C36-16B9-426D-AA0C-5961ECF8D88C}.Ad-Hoc|Any CPU.Deploy.0 = Release|Any CPU
		{24CE3C36-16B9-426D-AA0C-5961ECF8D88C}.Ad-Hoc|ARM.ActiveCfg = Release|Any CPU
		{24CE3C36-16B9-426D-AA0C-5961ECF8D88C}.Ad-Hoc|ARM.Build.0 = Release|Any CPU
		{24CE3C36-16B9-426D-AA0C-5961ECF8D88C}.Ad-Hoc|ARM.Deploy.0 = Release|Any CPU
		{24CE3C36-16B9-426D-AA0C-5961ECF8D88C}.Ad-Hoc|iPhone.ActiveCfg = Release|Any CPU
		{24CE3C36-16B9-426D-AA0C-5961ECF8D88C}.Ad-Hoc|iPhone.Build.0 = Release|Any CPU
		{24CE3C36-16B9-426D-AA0C-5961ECF8D88C}.Ad-Hoc|iPhone.Deploy.0 = Release|Any CPU
		{24CE3C36-16B9-426D-AA0C-5961ECF8D88C}.Ad-Hoc|iPhoneSimulator.ActiveCfg = Release|Any CPU
		{24CE3C36-16B9-426D-AA0C-5961ECF8D88C}.Ad-Hoc|iPhoneSimulator.Build.0 = Release|Any CPU
		{24CE3C36-16B9-426D-AA0C-5961ECF8D88C}.Ad-Hoc|iPhoneSimulator.Deploy.0 = Release|Any CPU
		{24CE3C36-16B9-426D-AA0C-5961ECF8D88C}.Ad-Hoc|x64.ActiveCfg = Release|Any CPU
		{24CE3C36-16B9-426D-AA0C-5961ECF8D88C}.Ad-Hoc|x64.Build.0 = Release|Any CPU
		{24CE3C36-16B9-426D-AA0C-5961ECF8D88C}.Ad-Hoc|x64.Deploy.0 = Release|Any CPU
		{24CE3C36-16B9-426D-AA0C-5961ECF8D88C}.Ad-Hoc|x86.ActiveCfg = Release|Any CPU
		{24CE3C36-16B9-426D-AA0C-5961ECF8D88C}.Ad-Hoc|x86.Build.0 = Release|Any CPU
		{24CE3C36-16B9-426D-AA0C-5961ECF8D88C}.Ad-Hoc|x86.Deploy.0 = Release|Any CPU
		{24CE3C36-16B9-426D-AA0C-5961ECF8D88C}.AppStore|Any CPU.ActiveCfg = Release|Any CPU
		{24CE3C36-16B9-426D-AA0C-5961ECF8D88C}.AppStore|Any CPU.Build.0 = Release|Any CPU
		{24CE3C36-16B9-426D-AA0C-5961ECF8D88C}.AppStore|Any CPU.Deploy.0 = Release|Any CPU
		{24CE3C36-16B9-426D-AA0C-5961ECF8D88C}.AppStore|ARM.ActiveCfg = Release|Any CPU
		{24CE3C36-16B9-426D-AA0C-5961ECF8D88C}.AppStore|ARM.Build.0 = Release|Any CPU
		{24CE3C36-16B9-426D-AA0C-5961ECF8D88C}.AppStore|ARM.Deploy.0 = Release|Any CPU
		{24CE3C36-16B9-426D-AA0C-5961ECF8D88C}.AppStore|iPhone.ActiveCfg = Release|Any CPU
		{24CE3C36-16B9-426D-AA0C-5961ECF8D88C}.AppStore|iPhone.Build.0 = Release|Any CPU
		{24CE3C36-16B9-426D-AA0C-5961ECF8D88C}.AppStore|iPhone.Deploy.0 = Release|Any CPU
		{24CE3C36-16B9-426D-AA0C-5961ECF8D88C}.AppStore|iPhoneSimulator.ActiveCfg = Release|Any CPU
		{24CE3C36-16B9-426D-AA0C-5961ECF8D88C}.AppStore|iPhoneSimulator.Build.0 = Release|Any CPU
		{24CE3C36-16B9-426D-AA0C-5961ECF8D88C}.AppStore|iPhoneSimulator.Deploy.0 = Release|Any CPU
		{24CE3C36-16B9-426D-AA0C-5961ECF8D88C}.AppStore|x64.ActiveCfg = Release|Any CPU
		{24CE3C36-16B9-426D-AA0C-5961ECF8D88C}.AppStore|x64.Build.0 = Release|Any CPU
		{24CE3C36-16B9-426D-AA0C-5961ECF8D88C}.AppStore|x64.Deploy.0 = Release|Any CPU
		{24CE3C36-16B9-426D-AA0C-5961ECF8D88C}.AppStore|x86.ActiveCfg = Release|Any CPU
		{24CE3C36-16B9-426D-AA0C-5961ECF8D88C}.AppStore|x86.Build.0 = Release|Any CPU
		{24CE3C36-16B9-426D-AA0C-5961ECF8D88C}.AppStore|x86.Deploy.0 = Release|Any CPU
		{24CE3C36-16B9-426D-AA0C-5961ECF8D88C}.Debug|Any CPU.ActiveCfg = Debug|Any CPU
		{24CE3C36-16B9-426D-AA0C-5961ECF8D88C}.Debug|Any CPU.Build.0 = Debug|Any CPU
		{24CE3C36-16B9-426D-AA0C-5961ECF8D88C}.Debug|Any CPU.Deploy.0 = Debug|Any CPU
		{24CE3C36-16B9-426D-AA0C-5961ECF8D88C}.Debug|ARM.ActiveCfg = Debug|Any CPU
		{24CE3C36-16B9-426D-AA0C-5961ECF8D88C}.Debug|ARM.Build.0 = Debug|Any CPU
		{24CE3C36-16B9-426D-AA0C-5961ECF8D88C}.Debug|ARM.Deploy.0 = Debug|Any CPU
		{24CE3C36-16B9-426D-AA0C-5961ECF8D88C}.Debug|iPhone.ActiveCfg = Debug|Any CPU
		{24CE3C36-16B9-426D-AA0C-5961ECF8D88C}.Debug|iPhone.Build.0 = Debug|Any CPU
		{24CE3C36-16B9-426D-AA0C-5961ECF8D88C}.Debug|iPhone.Deploy.0 = Debug|Any CPU
		{24CE3C36-16B9-426D-AA0C-5961ECF8D88C}.Debug|iPhoneSimulator.ActiveCfg = Debug|Any CPU
		{24CE3C36-16B9-426D-AA0C-5961ECF8D88C}.Debug|iPhoneSimulator.Build.0 = Debug|Any CPU
		{24CE3C36-16B9-426D-AA0C-5961ECF8D88C}.Debug|iPhoneSimulator.Deploy.0 = Debug|Any CPU
		{24CE3C36-16B9-426D-AA0C-5961ECF8D88C}.Debug|x64.ActiveCfg = Debug|Any CPU
		{24CE3C36-16B9-426D-AA0C-5961ECF8D88C}.Debug|x64.Build.0 = Debug|Any CPU
		{24CE3C36-16B9-426D-AA0C-5961ECF8D88C}.Debug|x64.Deploy.0 = Debug|Any CPU
		{24CE3C36-16B9-426D-AA0C-5961ECF8D88C}.Debug|x86.ActiveCfg = Debug|Any CPU
		{24CE3C36-16B9-426D-AA0C-5961ECF8D88C}.Debug|x86.Build.0 = Debug|Any CPU
		{24CE3C36-16B9-426D-AA0C-5961ECF8D88C}.Debug|x86.Deploy.0 = Debug|Any CPU
		{24CE3C36-16B9-426D-AA0C-5961ECF8D88C}.Release|Any CPU.ActiveCfg = Release|Any CPU
		{24CE3C36-16B9-426D-AA0C-5961ECF8D88C}.Release|Any CPU.Build.0 = Release|Any CPU
		{24CE3C36-16B9-426D-AA0C-5961ECF8D88C}.Release|Any CPU.Deploy.0 = Release|Any CPU
		{24CE3C36-16B9-426D-AA0C-5961ECF8D88C}.Release|ARM.ActiveCfg = Release|Any CPU
		{24CE3C36-16B9-426D-AA0C-5961ECF8D88C}.Release|ARM.Build.0 = Release|Any CPU
		{24CE3C36-16B9-426D-AA0C-5961ECF8D88C}.Release|ARM.Deploy.0 = Release|Any CPU
		{24CE3C36-16B9-426D-AA0C-5961ECF8D88C}.Release|iPhone.ActiveCfg = Release|Any CPU
		{24CE3C36-16B9-426D-AA0C-5961ECF8D88C}.Release|iPhone.Build.0 = Release|Any CPU
		{24CE3C36-16B9-426D-AA0C-5961ECF8D88C}.Release|iPhone.Deploy.0 = Release|Any CPU
		{24CE3C36-16B9-426D-AA0C-5961ECF8D88C}.Release|iPhoneSimulator.ActiveCfg = Release|Any CPU
		{24CE3C36-16B9-426D-AA0C-5961ECF8D88C}.Release|iPhoneSimulator.Build.0 = Release|Any CPU
		{24CE3C36-16B9-426D-AA0C-5961ECF8D88C}.Release|iPhoneSimulator.Deploy.0 = Release|Any CPU
		{24CE3C36-16B9-426D-AA0C-5961ECF8D88C}.Release|x64.ActiveCfg = Release|Any CPU
		{24CE3C36-16B9-426D-AA0C-5961ECF8D88C}.Release|x64.Build.0 = Release|Any CPU
		{24CE3C36-16B9-426D-AA0C-5961ECF8D88C}.Release|x64.Deploy.0 = Release|Any CPU
		{24CE3C36-16B9-426D-AA0C-5961ECF8D88C}.Release|x86.ActiveCfg = Release|Any CPU
		{24CE3C36-16B9-426D-AA0C-5961ECF8D88C}.Release|x86.Build.0 = Release|Any CPU
		{24CE3C36-16B9-426D-AA0C-5961ECF8D88C}.Release|x86.Deploy.0 = Release|Any CPU
		{D76C0D01-B74C-4BB7-AEA2-90A0C52D0E8F}.Ad-Hoc|Any CPU.ActiveCfg = Debug|Any CPU
		{D76C0D01-B74C-4BB7-AEA2-90A0C52D0E8F}.Ad-Hoc|Any CPU.Build.0 = Debug|Any CPU
		{D76C0D01-B74C-4BB7-AEA2-90A0C52D0E8F}.Ad-Hoc|ARM.ActiveCfg = Debug|Any CPU
		{D76C0D01-B74C-4BB7-AEA2-90A0C52D0E8F}.Ad-Hoc|ARM.Build.0 = Debug|Any CPU
		{D76C0D01-B74C-4BB7-AEA2-90A0C52D0E8F}.Ad-Hoc|iPhone.ActiveCfg = Debug|Any CPU
		{D76C0D01-B74C-4BB7-AEA2-90A0C52D0E8F}.Ad-Hoc|iPhone.Build.0 = Debug|Any CPU
		{D76C0D01-B74C-4BB7-AEA2-90A0C52D0E8F}.Ad-Hoc|iPhoneSimulator.ActiveCfg = Debug|Any CPU
		{D76C0D01-B74C-4BB7-AEA2-90A0C52D0E8F}.Ad-Hoc|iPhoneSimulator.Build.0 = Debug|Any CPU
		{D76C0D01-B74C-4BB7-AEA2-90A0C52D0E8F}.Ad-Hoc|x64.ActiveCfg = Debug|Any CPU
		{D76C0D01-B74C-4BB7-AEA2-90A0C52D0E8F}.Ad-Hoc|x64.Build.0 = Debug|Any CPU
		{D76C0D01-B74C-4BB7-AEA2-90A0C52D0E8F}.Ad-Hoc|x86.ActiveCfg = Debug|Any CPU
		{D76C0D01-B74C-4BB7-AEA2-90A0C52D0E8F}.Ad-Hoc|x86.Build.0 = Debug|Any CPU
		{D76C0D01-B74C-4BB7-AEA2-90A0C52D0E8F}.AppStore|Any CPU.ActiveCfg = Debug|Any CPU
		{D76C0D01-B74C-4BB7-AEA2-90A0C52D0E8F}.AppStore|Any CPU.Build.0 = Debug|Any CPU
		{D76C0D01-B74C-4BB7-AEA2-90A0C52D0E8F}.AppStore|ARM.ActiveCfg = Debug|Any CPU
		{D76C0D01-B74C-4BB7-AEA2-90A0C52D0E8F}.AppStore|ARM.Build.0 = Debug|Any CPU
		{D76C0D01-B74C-4BB7-AEA2-90A0C52D0E8F}.AppStore|iPhone.ActiveCfg = Debug|Any CPU
		{D76C0D01-B74C-4BB7-AEA2-90A0C52D0E8F}.AppStore|iPhone.Build.0 = Debug|Any CPU
		{D76C0D01-B74C-4BB7-AEA2-90A0C52D0E8F}.AppStore|iPhoneSimulator.ActiveCfg = Debug|Any CPU
		{D76C0D01-B74C-4BB7-AEA2-90A0C52D0E8F}.AppStore|iPhoneSimulator.Build.0 = Debug|Any CPU
		{D76C0D01-B74C-4BB7-AEA2-90A0C52D0E8F}.AppStore|x64.ActiveCfg = Debug|Any CPU
		{D76C0D01-B74C-4BB7-AEA2-90A0C52D0E8F}.AppStore|x64.Build.0 = Debug|Any CPU
		{D76C0D01-B74C-4BB7-AEA2-90A0C52D0E8F}.AppStore|x86.ActiveCfg = Debug|Any CPU
		{D76C0D01-B74C-4BB7-AEA2-90A0C52D0E8F}.AppStore|x86.Build.0 = Debug|Any CPU
		{D76C0D01-B74C-4BB7-AEA2-90A0C52D0E8F}.Debug|Any CPU.ActiveCfg = Debug|Any CPU
		{D76C0D01-B74C-4BB7-AEA2-90A0C52D0E8F}.Debug|Any CPU.Build.0 = Debug|Any CPU
		{D76C0D01-B74C-4BB7-AEA2-90A0C52D0E8F}.Debug|ARM.ActiveCfg = Debug|Any CPU
		{D76C0D01-B74C-4BB7-AEA2-90A0C52D0E8F}.Debug|ARM.Build.0 = Debug|Any CPU
		{D76C0D01-B74C-4BB7-AEA2-90A0C52D0E8F}.Debug|iPhone.ActiveCfg = Debug|Any CPU
		{D76C0D01-B74C-4BB7-AEA2-90A0C52D0E8F}.Debug|iPhone.Build.0 = Debug|Any CPU
		{D76C0D01-B74C-4BB7-AEA2-90A0C52D0E8F}.Debug|iPhoneSimulator.ActiveCfg = Debug|Any CPU
		{D76C0D01-B74C-4BB7-AEA2-90A0C52D0E8F}.Debug|iPhoneSimulator.Build.0 = Debug|Any CPU
		{D76C0D01-B74C-4BB7-AEA2-90A0C52D0E8F}.Debug|x64.ActiveCfg = Debug|Any CPU
		{D76C0D01-B74C-4BB7-AEA2-90A0C52D0E8F}.Debug|x64.Build.0 = Debug|Any CPU
		{D76C0D01-B74C-4BB7-AEA2-90A0C52D0E8F}.Debug|x86.ActiveCfg = Debug|Any CPU
		{D76C0D01-B74C-4BB7-AEA2-90A0C52D0E8F}.Debug|x86.Build.0 = Debug|Any CPU
		{D76C0D01-B74C-4BB7-AEA2-90A0C52D0E8F}.Release|Any CPU.ActiveCfg = Release|Any CPU
		{D76C0D01-B74C-4BB7-AEA2-90A0C52D0E8F}.Release|Any CPU.Build.0 = Release|Any CPU
		{D76C0D01-B74C-4BB7-AEA2-90A0C52D0E8F}.Release|ARM.ActiveCfg = Release|Any CPU
		{D76C0D01-B74C-4BB7-AEA2-90A0C52D0E8F}.Release|ARM.Build.0 = Release|Any CPU
		{D76C0D01-B74C-4BB7-AEA2-90A0C52D0E8F}.Release|iPhone.ActiveCfg = Release|Any CPU
		{D76C0D01-B74C-4BB7-AEA2-90A0C52D0E8F}.Release|iPhone.Build.0 = Release|Any CPU
		{D76C0D01-B74C-4BB7-AEA2-90A0C52D0E8F}.Release|iPhoneSimulator.ActiveCfg = Release|Any CPU
		{D76C0D01-B74C-4BB7-AEA2-90A0C52D0E8F}.Release|iPhoneSimulator.Build.0 = Release|Any CPU
		{D76C0D01-B74C-4BB7-AEA2-90A0C52D0E8F}.Release|x64.ActiveCfg = Release|Any CPU
		{D76C0D01-B74C-4BB7-AEA2-90A0C52D0E8F}.Release|x64.Build.0 = Release|Any CPU
		{D76C0D01-B74C-4BB7-AEA2-90A0C52D0E8F}.Release|x86.ActiveCfg = Release|Any CPU
		{D76C0D01-B74C-4BB7-AEA2-90A0C52D0E8F}.Release|x86.Build.0 = Release|Any CPU
	EndGlobalSection
	GlobalSection(SolutionProperties) = preSolution
		HideSolutionNode = FALSE
	EndGlobalSection
	GlobalSection(ExtensibilityGlobals) = postSolution
		SolutionGuid = {F91369D1-A6B8-4F7D-A7ED-BD27802BFD37}
	EndGlobalSection
EndGlobal
